// !$*UTF8*$!
{
	archiveVersion = 1;
	classes = {
	};
	objectVersion = 50;
	objects = {

/* Begin PBXBuildFile section */
		227A31C69BC7DDEB222A6EEE /* libPods-Keychain Sharing Demo.a in Frameworks */ = {isa = PBXBuildFile; fileRef = EB223AE908B9FE5FAE4AB5D0 /* libPods-Keychain Sharing Demo.a */; };
		653C76532232116F00B3EC9A /* AppDelegate.m in Sources */ = {isa = PBXBuildFile; fileRef = 653C76522232116F00B3EC9A /* AppDelegate.m */; };
		653C76562232116F00B3EC9A /* ViewController.m in Sources */ = {isa = PBXBuildFile; fileRef = 653C76552232116F00B3EC9A /* ViewController.m */; };
		653C76592232116F00B3EC9A /* Main.storyboard in Resources */ = {isa = PBXBuildFile; fileRef = 653C76572232116F00B3EC9A /* Main.storyboard */; };
		653C765B2232117100B3EC9A /* Assets.xcassets in Resources */ = {isa = PBXBuildFile; fileRef = 653C765A2232117100B3EC9A /* Assets.xcassets */; };
		653C765E2232117100B3EC9A /* LaunchScreen.storyboard in Resources */ = {isa = PBXBuildFile; fileRef = 653C765C2232117100B3EC9A /* LaunchScreen.storyboard */; };
		653C76612232117100B3EC9A /* main.m in Sources */ = {isa = PBXBuildFile; fileRef = 653C76602232117100B3EC9A /* main.m */; };
/* End PBXBuildFile section */

/* Begin PBXFileReference section */
		1FB7FCAFCC588DF886D261FE /* Pods-Keychain Sharing Demo.release.xcconfig */ = {isa = PBXFileReference; includeInIndex = 1; lastKnownFileType = text.xcconfig; name = "Pods-Keychain Sharing Demo.release.xcconfig"; path = "Pods/Target Support Files/Pods-Keychain Sharing Demo/Pods-Keychain Sharing Demo.release.xcconfig"; sourceTree = "<group>"; };
		653C764E2232116F00B3EC9A /* Keychain Sharing Demo.app */ = {isa = PBXFileReference; explicitFileType = wrapper.application; includeInIndex = 0; path = "Keychain Sharing Demo.app"; sourceTree = BUILT_PRODUCTS_DIR; };
		653C76512232116F00B3EC9A /* AppDelegate.h */ = {isa = PBXFileReference; lastKnownFileType = sourcecode.c.h; path = AppDelegate.h; sourceTree = "<group>"; };
		653C76522232116F00B3EC9A /* AppDelegate.m */ = {isa = PBXFileReference; lastKnownFileType = sourcecode.c.objc; path = AppDelegate.m; sourceTree = "<group>"; };
		653C76542232116F00B3EC9A /* ViewController.h */ = {isa = PBXFileReference; lastKnownFileType = sourcecode.c.h; path = ViewController.h; sourceTree = "<group>"; };
		653C76552232116F00B3EC9A /* ViewController.m */ = {isa = PBXFileReference; lastKnownFileType = sourcecode.c.objc; path = ViewController.m; sourceTree = "<group>"; };
		653C76582232116F00B3EC9A /* Base */ = {isa = PBXFileReference; lastKnownFileType = file.storyboard; name = Base; path = Base.lproj/Main.storyboard; sourceTree = "<group>"; };
		653C765A2232117100B3EC9A /* Assets.xcassets */ = {isa = PBXFileReference; lastKnownFileType = folder.assetcatalog; path = Assets.xcassets; sourceTree = "<group>"; };
		653C765D2232117100B3EC9A /* Base */ = {isa = PBXFileReference; lastKnownFileType = file.storyboard; name = Base; path = Base.lproj/LaunchScreen.storyboard; sourceTree = "<group>"; };
		653C765F2232117100B3EC9A /* Info.plist */ = {isa = PBXFileReference; lastKnownFileType = text.plist.xml; path = Info.plist; sourceTree = "<group>"; };
		653C76602232117100B3EC9A /* main.m */ = {isa = PBXFileReference; lastKnownFileType = sourcecode.c.objc; path = main.m; sourceTree = "<group>"; };
		88DEDCACC6C24938A9843CDA /* Pods-Keychain Sharing Demo.debug.xcconfig */ = {isa = PBXFileReference; includeInIndex = 1; lastKnownFileType = text.xcconfig; name = "Pods-Keychain Sharing Demo.debug.xcconfig"; path = "Pods/Target Support Files/Pods-Keychain Sharing Demo/Pods-Keychain Sharing Demo.debug.xcconfig"; sourceTree = "<group>"; };
		EB223AE908B9FE5FAE4AB5D0 /* libPods-Keychain Sharing Demo.a */ = {isa = PBXFileReference; explicitFileType = archive.ar; includeInIndex = 0; path = "libPods-Keychain Sharing Demo.a"; sourceTree = BUILT_PRODUCTS_DIR; };
/* End PBXFileReference section */

/* Begin PBXFrameworksBuildPhase section */
		653C764B2232116F00B3EC9A /* Frameworks */ = {
			isa = PBXFrameworksBuildPhase;
			buildActionMask = 2147483647;
			files = (
				227A31C69BC7DDEB222A6EEE /* libPods-Keychain Sharing Demo.a in Frameworks */,
			);
			runOnlyForDeploymentPostprocessing = 0;
		};
/* End PBXFrameworksBuildPhase section */

/* Begin PBXGroup section */
		2FC411547EBD782DDB55A448 /* Pods */ = {
			isa = PBXGroup;
			children = (
				88DEDCACC6C24938A9843CDA /* Pods-Keychain Sharing Demo.debug.xcconfig */,
				1FB7FCAFCC588DF886D261FE /* Pods-Keychain Sharing Demo.release.xcconfig */,
			);
			name = Pods;
			sourceTree = "<group>";
		};
		634AD91D7FADF16D83782A51 /* Frameworks */ = {
			isa = PBXGroup;
			children = (
				EB223AE908B9FE5FAE4AB5D0 /* libPods-Keychain Sharing Demo.a */,
			);
			name = Frameworks;
			sourceTree = "<group>";
		};
		653C76452232116F00B3EC9A = {
			isa = PBXGroup;
			children = (
				653C76502232116F00B3EC9A /* Keychain Sharing Demo */,
				653C764F2232116F00B3EC9A /* Products */,
				2FC411547EBD782DDB55A448 /* Pods */,
				634AD91D7FADF16D83782A51 /* Frameworks */,
			);
			sourceTree = "<group>";
		};
		653C764F2232116F00B3EC9A /* Products */ = {
			isa = PBXGroup;
			children = (
				653C764E2232116F00B3EC9A /* Keychain Sharing Demo.app */,
			);
			name = Products;
			sourceTree = "<group>";
		};
		653C76502232116F00B3EC9A /* Keychain Sharing Demo */ = {
			isa = PBXGroup;
			children = (
				653C76512232116F00B3EC9A /* AppDelegate.h */,
				653C76522232116F00B3EC9A /* AppDelegate.m */,
				653C76542232116F00B3EC9A /* ViewController.h */,
				653C76552232116F00B3EC9A /* ViewController.m */,
				653C76572232116F00B3EC9A /* Main.storyboard */,
				653C765A2232117100B3EC9A /* Assets.xcassets */,
				653C765C2232117100B3EC9A /* LaunchScreen.storyboard */,
				653C765F2232117100B3EC9A /* Info.plist */,
				653C76602232117100B3EC9A /* main.m */,
			);
			path = "Keychain Sharing Demo";
			sourceTree = "<group>";
		};
/* End PBXGroup section */

/* Begin PBXNativeTarget section */
		653C764D2232116F00B3EC9A /* Keychain Sharing Demo */ = {
			isa = PBXNativeTarget;
			buildConfigurationList = 653C76642232117100B3EC9A /* Build configuration list for PBXNativeTarget "Keychain Sharing Demo" */;
			buildPhases = (
				63FD04EEF8C01706737903A1 /* [CP] Check Pods Manifest.lock */,
				653C764A2232116F00B3EC9A /* Sources */,
				653C764B2232116F00B3EC9A /* Frameworks */,
				653C764C2232116F00B3EC9A /* Resources */,
				9F113C9298A040873CF97182 /* [CP] Copy Pods Resources */,
			);
			buildRules = (
			);
			dependencies = (
			);
			name = "Keychain Sharing Demo";
			productName = "Keychain Sharing Demo";
			productReference = 653C764E2232116F00B3EC9A /* Keychain Sharing Demo.app */;
			productType = "com.apple.product-type.application";
		};
/* End PBXNativeTarget section */

/* Begin PBXProject section */
		653C76462232116F00B3EC9A /* Project object */ = {
			isa = PBXProject;
			attributes = {
				LastUpgradeCheck = 1010;
				ORGANIZATIONNAME = "彭盛凇";
				TargetAttributes = {
					653C764D2232116F00B3EC9A = {
						CreatedOnToolsVersion = 10.1;
					};
				};
			};
			buildConfigurationList = 653C76492232116F00B3EC9A /* Build configuration list for PBXProject "Keychain Sharing Demo" */;
			compatibilityVersion = "Xcode 9.3";
			developmentRegion = en;
			hasScannedForEncodings = 0;
			knownRegions = (
				en,
				Base,
			);
			mainGroup = 653C76452232116F00B3EC9A;
			productRefGroup = 653C764F2232116F00B3EC9A /* Products */;
			projectDirPath = "";
			projectRoot = "";
			targets = (
				653C764D2232116F00B3EC9A /* Keychain Sharing Demo */,
			);
		};
/* End PBXProject section */

/* Begin PBXResourcesBuildPhase section */
		653C764C2232116F00B3EC9A /* Resources */ = {
			isa = PBXResourcesBuildPhase;
			buildActionMask = 2147483647;
			files = (
				653C765E2232117100B3EC9A /* LaunchScreen.storyboard in Resources */,
				653C765B2232117100B3EC9A /* Assets.xcassets in Resources */,
				653C76592232116F00B3EC9A /* Main.storyboard in Resources */,
			);
			runOnlyForDeploymentPostprocessing = 0;
		};
/* End PBXResourcesBuildPhase section */

/* Begin PBXShellScriptBuildPhase section */
		63FD04EEF8C01706737903A1 /* [CP] Check Pods Manifest.lock */ = {
			isa = PBXShellScriptBuildPhase;
			buildActionMask = 2147483647;
			files = (
			);
			inputFileListPaths = (
			);
			inputPaths = (
				"${PODS_PODFILE_DIR_PATH}/Podfile.lock",
				"${PODS_ROOT}/Manifest.lock",
			);
			name = "[CP] Check Pods Manifest.lock";
			outputFileListPaths = (
			);
			outputPaths = (
				"$(DERIVED_FILE_DIR)/Pods-Keychain Sharing Demo-checkManifestLockResult.txt",
			);
			runOnlyForDeploymentPostprocessing = 0;
			shellPath = /bin/sh;
			shellScript = "diff \"${PODS_PODFILE_DIR_PATH}/Podfile.lock\" \"${PODS_ROOT}/Manifest.lock\" > /dev/null\nif [ $? != 0 ] ; then\n    # print error to STDERR\n    echo \"error: The sandbox is not in sync with the Podfile.lock. Run 'pod install' or update your CocoaPods installation.\" >&2\n    exit 1\nfi\n# This output is used by Xcode 'outputs' to avoid re-running this script phase.\necho \"SUCCESS\" > \"${SCRIPT_OUTPUT_FILE_0}\"\n";
			showEnvVarsInLog = 0;
		};
		9F113C9298A040873CF97182 /* [CP] Copy Pods Resources */ = {
			isa = PBXShellScriptBuildPhase;
			buildActionMask = 2147483647;
			files = (
			);
			inputFileListPaths = (
			);
			inputPaths = (
				"${SRCROOT}/Pods/Target Support Files/Pods-Keychain Sharing Demo/Pods-Keychain Sharing Demo-resources.sh",
				"${PODS_ROOT}/SAMKeychain/Support/SAMKeychain.bundle",
			);
			name = "[CP] Copy Pods Resources";
			outputFileListPaths = (
			);
			outputPaths = (
				"${TARGET_BUILD_DIR}/${UNLOCALIZED_RESOURCES_FOLDER_PATH}/SAMKeychain.bundle",
			);
			runOnlyForDeploymentPostprocessing = 0;
			shellPath = /bin/sh;
			shellScript = "\"${SRCROOT}/Pods/Target Support Files/Pods-Keychain Sharing Demo/Pods-Keychain Sharing Demo-resources.sh\"\n";
			showEnvVarsInLog = 0;
		};
/* End PBXShellScriptBuildPhase section */

/* Begin PBXSourcesBuildPhase section */
		653C764A2232116F00B3EC9A /* Sources */ = {
			isa = PBXSourcesBuildPhase;
			buildActionMask = 2147483647;
			files = (
				653C76562232116F00B3EC9A /* ViewController.m in Sources */,
				653C76612232117100B3EC9A /* main.m in Sources */,
				653C76532232116F00B3EC9A /* AppDelegate.m in Sources */,
			);
			runOnlyForDeploymentPostprocessing = 0;
		};
/* End PBXSourcesBuildPhase section */

/* Begin PBXVariantGroup section */
		653C76572232116F00B3EC9A /* Main.storyboard */ = {
			isa = PBXVariantGroup;
			children = (
				653C76582232116F00B3EC9A /* Base */,
			);
			name = Main.storyboard;
			sourceTree = "<group>";
		};
		653C765C2232117100B3EC9A /* LaunchScreen.storyboard */ = {
			isa = PBXVariantGroup;
			children = (
				653C765D2232117100B3EC9A /* Base */,
			);
			name = LaunchScreen.storyboard;
			sourceTree = "<group>";
		};
/* End PBXVariantGroup section */

/* Begin XCBuildConfiguration section */
		653C76622232117100B3EC9A /* Debug */ = {
			isa = XCBuildConfiguration;
			buildSettings = {
				ALWAYS_SEARCH_USER_PATHS = NO;
				CLANG_ANALYZER_NONNULL = YES;
				CLANG_ANALYZER_NUMBER_OBJECT_CONVERSION = YES_AGGRESSIVE;
				CLANG_CXX_LANGUAGE_STANDARD = "gnu++14";
				CLANG_CXX_LIBRARY = "libc++";
				CLANG_ENABLE_MODULES = YES;
				CLANG_ENABLE_OBJC_ARC = YES;
				CLANG_ENABLE_OBJC_WEAK = YES;
				CLANG_WARN_BLOCK_CAPTURE_AUTORELEASING = YES;
				CLANG_WARN_BOOL_CONVERSION = YES;
				CLANG_WARN_COMMA = YES;
				CLANG_WARN_CONSTANT_CONVERSION = YES;
				CLANG_WARN_DEPRECATED_OBJC_IMPLEMENTATIONS = YES;
				CLANG_WARN_DIRECT_OBJC_ISA_USAGE = YES_ERROR;
				CLANG_WARN_DOCUMENTATION_COMMENTS = YES;
				CLANG_WARN_EMPTY_BODY = YES;
				CLANG_WARN_ENUM_CONVERSION = YES;
				CLANG_WARN_INFINITE_RECURSION = YES;
				CLANG_WARN_INT_CONVERSION = YES;
				CLANG_WARN_NON_LITERAL_NULL_CONVERSION = YES;
				CLANG_WARN_OBJC_IMPLICIT_RETAIN_SELF = YES;
				CLANG_WARN_OBJC_LITERAL_CONVERSION = YES;
				CLANG_WARN_OBJC_ROOT_CLASS = YES_ERROR;
				CLANG_WARN_RANGE_LOOP_ANALYSIS = YES;
				CLANG_WARN_STRICT_PROTOTYPES = YES;
				CLANG_WARN_SUSPICIOUS_MOVE = YES;
				CLANG_WARN_UNGUARDED_AVAILABILITY = YES_AGGRESSIVE;
				CLANG_WARN_UNREACHABLE_CODE = YES;
				CLANG_WARN__DUPLICATE_METHOD_MATCH = YES;
				CODE_SIGN_IDENTITY = "iPhone Developer";
				COPY_PHASE_STRIP = NO;
				DEBUG_INFORMATION_FORMAT = dwarf;
				ENABLE_STRICT_OBJC_MSGSEND = YES;
				ENABLE_TESTABILITY = YES;
				GCC_C_LANGUAGE_STANDARD = gnu11;
				GCC_DYNAMIC_NO_PIC = NO;
				GCC_NO_COMMON_BLOCKS = YES;
				GCC_OPTIMIZATION_LEVEL = 0;
				GCC_PREPROCESSOR_DEFINITIONS = (
					"DEBUG=1",
					"$(inherited)",
				);
				GCC_WARN_64_TO_32_BIT_CONVERSION = YES;
				GCC_WARN_ABOUT_RETURN_TYPE = YES_ERROR;
				GCC_WARN_UNDECLARED_SELECTOR = YES;
				GCC_WARN_UNINITIALIZED_AUTOS = YES_AGGRESSIVE;
				GCC_WARN_UNUSED_FUNCTION = YES;
				GCC_WARN_UNUSED_VARIABLE = YES;
				IPHONEOS_DEPLOYMENT_TARGET = 12.1;
				MTL_ENABLE_DEBUG_INFO = INCLUDE_SOURCE;
				MTL_FAST_MATH = YES;
				ONLY_ACTIVE_ARCH = YES;
				SDKROOT = iphoneos;
			};
			name = Debug;
		};
		653C76632232117100B3EC9A /* Release */ = {
			isa = XCBuildConfiguration;
			buildSettings = {
				ALWAYS_SEARCH_USER_PATHS = NO;
				CLANG_ANALYZER_NONNULL = YES;
				CLANG_ANALYZER_NUMBER_OBJECT_CONVERSION = YES_AGGRESSIVE;
				CLANG_CXX_LANGUAGE_STANDARD = "gnu++14";
				CLANG_CXX_LIBRARY = "libc++";
				CLANG_ENABLE_MODULES = YES;
				CLANG_ENABLE_OBJC_ARC = YES;
				CLANG_ENABLE_OBJC_WEAK = YES;
				CLANG_WARN_BLOCK_CAPTURE_AUTORELEASING = YES;
				CLANG_WARN_BOOL_CONVERSION = YES;
				CLANG_WARN_COMMA = YES;
				CLANG_WARN_CONSTANT_CONVERSION = YES;
				CLANG_WARN_DEPRECATED_OBJC_IMPLEMENTATIONS = YES;
				CLANG_WARN_DIRECT_OBJC_ISA_USAGE = YES_ERROR;
				CLANG_WARN_DOCUMENTATION_COMMENTS = YES;
				CLANG_WARN_EMPTY_BODY = YES;
				CLANG_WARN_ENUM_CONVERSION = YES;
				CLANG_WARN_INFINITE_RECURSION = YES;
				CLANG_WARN_INT_CONVERSION = YES;
				CLANG_WARN_NON_LITERAL_NULL_CONVERSION = YES;
				CLANG_WARN_OBJC_IMPLICIT_RETAIN_SELF = YES;
				CLANG_WARN_OBJC_LITERAL_CONVERSION = YES;
				CLANG_WARN_OBJC_ROOT_CLASS = YES_ERROR;
				CLANG_WARN_RANGE_LOOP_ANALYSIS = YES;
				CLANG_WARN_STRICT_PROTOTYPES = YES;
				CLANG_WARN_SUSPICIOUS_MOVE = YES;
				CLANG_WARN_UNGUARDED_AVAILABILITY = YES_AGGRESSIVE;
				CLANG_WARN_UNREACHABLE_CODE = YES;
				CLANG_WARN__DUPLICATE_METHOD_MATCH = YES;
				CODE_SIGN_IDENTITY = "iPhone Developer";
				COPY_PHASE_STRIP = NO;
				DEBUG_INFORMATION_FORMAT = "dwarf-with-dsym";
				ENABLE_NS_ASSERTIONS = NO;
				ENABLE_STRICT_OBJC_MSGSEND = YES;
				GCC_C_LANGUAGE_STANDARD = gnu11;
				GCC_NO_COMMON_BLOCKS = YES;
				GCC_WARN_64_TO_32_BIT_CONVERSION = YES;
				GCC_WARN_ABOUT_RETURN_TYPE = YES_ERROR;
				GCC_WARN_UNDECLARED_SELECTOR = YES;
				GCC_WARN_UNINITIALIZED_AUTOS = YES_AGGRESSIVE;
				GCC_WARN_UNUSED_FUNCTION = YES;
				GCC_WARN_UNUSED_VARIABLE = YES;
				IPHONEOS_DEPLOYMENT_TARGET = 12.1;
				MTL_ENABLE_DEBUG_INFO = NO;
				MTL_FAST_MATH = YES;
				SDKROOT = iphoneos;
				VALIDATE_PRODUCT = YES;
			};
			name = Release;
		};
		653C76652232117100B3EC9A /* Debug */ = {
			isa = XCBuildConfiguration;
			baseConfigurationReference = 88DEDCACC6C24938A9843CDA /* Pods-Keychain Sharing Demo.debug.xcconfig */;
			buildSettings = {
				ASSETCATALOG_COMPILER_APPICON_NAME = AppIcon;
				CODE_SIGN_STYLE = Automatic;
				DEVELOPMENT_TEAM = 8QBKS6FXA6;
				INFOPLIST_FILE = "Keychain Sharing Demo/Info.plist";
				LD_RUNPATH_SEARCH_PATHS = (
					"$(inherited)",
					"@executable_path/Frameworks",
				);
				PRODUCT_BUNDLE_IDENTIFIER = "pss.Keychain-Sharing-Demo";
				PRODUCT_NAME = "$(TARGET_NAME)";
				TARGETED_DEVICE_FAMILY = "1,2";
			};
			name = Debug;
		};
		653C76662232117100B3EC9A /* Release */ = {
			isa = XCBuildConfiguration;
			baseConfigurationReference = 1FB7FCAFCC588DF886D261FE /* Pods-Keychain Sharing Demo.release.xcconfig */;
			buildSettings = {
				ASSETCATALOG_COMPILER_APPICON_NAME = AppIcon;
				CODE_SIGN_STYLE = Automatic;
				DEVELOPMENT_TEAM = 8QBKS6FXA6;
				INFOPLIST_FILE = "Keychain Sharing Demo/Info.plist";
				LD_RUNPATH_SEARCH_PATHS = (
					"$(inherited)",
					"@executable_path/Frameworks",
				);
				PRODUCT_BUNDLE_IDENTIFIER = "pss.Keychain-Sharing-Demo";
				PRODUCT_NAME = "$(TARGET_NAME)";
				TARGETED_DEVICE_FAMILY = "1,2";
			};
			name = Release;
		};
/* End XCBuildConfiguration section */

/* Begin XCConfigurationList section */
		653C76492232116F00B3EC9A /* Build configuration list for PBXProject "Keychain Sharing Demo" */ = {
			isa = XCConfigurationList;
			buildConfigurations = (
				653C76622232117100B3EC9A /* Debug */,
				653C76632232117100B3EC9A /* Release */,
			);
			defaultConfigurationIsVisible = 0;
			defaultConfigurationName = Release;
		};
		653C76642232117100B3EC9A /* Build configuration list for PBXNativeTarget "Keychain Sharing Demo" */ = {
			isa = XCConfigurationList;
			buildConfigurations = (
				653C76652232117100B3EC9A /* Debug */,
				653C76662232117100B3EC9A /* Release */,
			);
			defaultConfigurationIsVisible = 0;
			defaultConfigurationName = Release;
		};
/* End XCConfigurationList section */
	};
	rootObject = 653C76462232116F00B3EC9A /* Project object */;
}
